# This file is automatically @generated by Poetry 1.4.2 and should not be changed by hand.

[[package]]
name = "pyfiglet"
version = "0.8.post1"
description = "Pure-python FIGlet implementation"
category = "main"
optional = false
python-versions = "*"
files = [
    {file = "pyfiglet-0.8.post1-py2.py3-none-any.whl", hash = "sha256:d555bcea17fbeaf70eaefa48bb119352487e629c9b56f30f383e2c62dd67a01c"},
    {file = "pyfiglet-0.8.post1.tar.gz", hash = "sha256:c6c2321755d09267b438ec7b936825a4910fec696292139e664ca8670e103639"},
]

[metadata]
lock-version = "2.0"
python-versions = "^3.10"
content-hash = "3608aaf53ce40b5d3aea34bad6f861342dcccd003da3a7f52b0a63951c5455b8"
